// !$*UTF8*$!
{
	archiveVersion = 1;
	classes = {
	};
	objectVersion = 50;
	objects = {

/* Begin PBXBuildFile section */
		0897E43125F1E8376EFB6B8D /* Pods_Unbabel_ChallengeTests.framework in Frameworks */ = {isa = PBXBuildFile; fileRef = 9AE929DD60F871EBE310D94F /* Pods_Unbabel_ChallengeTests.framework */; };
		08D216852321105800ABFA77 /* AppDelegate.swift in Sources */ = {isa = PBXBuildFile; fileRef = 08D216842321105800ABFA77 /* AppDelegate.swift */; };
		08D216872321105800ABFA77 /* ViewController.swift in Sources */ = {isa = PBXBuildFile; fileRef = 08D216862321105800ABFA77 /* ViewController.swift */; };
		08D2168A2321105800ABFA77 /* Main.storyboard in Resources */ = {isa = PBXBuildFile; fileRef = 08D216882321105800ABFA77 /* Main.storyboard */; };
		08D2168C2321105900ABFA77 /* Assets.xcassets in Resources */ = {isa = PBXBuildFile; fileRef = 08D2168B2321105900ABFA77 /* Assets.xcassets */; };
		08D2168F2321105900ABFA77 /* LaunchScreen.storyboard in Resources */ = {isa = PBXBuildFile; fileRef = 08D2168D2321105900ABFA77 /* LaunchScreen.storyboard */; };
		08D2169A2321105900ABFA77 /* Unbabel_ChallengeTests.swift in Sources */ = {isa = PBXBuildFile; fileRef = 08D216992321105900ABFA77 /* Unbabel_ChallengeTests.swift */; };
		08D216A52321105A00ABFA77 /* Unbabel_ChallengeUITests.swift in Sources */ = {isa = PBXBuildFile; fileRef = 08D216A42321105A00ABFA77 /* Unbabel_ChallengeUITests.swift */; };
		08D216B3232277D400ABFA77 /* NetworkInterface.swift in Sources */ = {isa = PBXBuildFile; fileRef = 08D216B2232277D400ABFA77 /* NetworkInterface.swift */; };
		08D216B723227B9900ABFA77 /* NetworkCommunicator.swift in Sources */ = {isa = PBXBuildFile; fileRef = 08D216B623227B9900ABFA77 /* NetworkCommunicator.swift */; };
		08D216BD232284F700ABFA77 /* NetworkResponses.swift in Sources */ = {isa = PBXBuildFile; fileRef = 08D216BC232284F700ABFA77 /* NetworkResponses.swift */; };
		08D216C32322B3AD00ABFA77 /* Post.swift in Sources */ = {isa = PBXBuildFile; fileRef = 08D216C22322B3AD00ABFA77 /* Post.swift */; };
		08D216C52322B3BC00ABFA77 /* PostParser.swift in Sources */ = {isa = PBXBuildFile; fileRef = 08D216C42322B3BC00ABFA77 /* PostParser.swift */; };
		08D216C8232661B300ABFA77 /* StorageInterface.swift in Sources */ = {isa = PBXBuildFile; fileRef = 08D216C7232661B300ABFA77 /* StorageInterface.swift */; };
		08D216CA232664A300ABFA77 /* NetworkMock.swift in Sources */ = {isa = PBXBuildFile; fileRef = 08D216C9232664A300ABFA77 /* NetworkMock.swift */; };
		08D216CC23268DD500ABFA77 /* StorageMock.swift in Sources */ = {isa = PBXBuildFile; fileRef = 08D216CB23268DD500ABFA77 /* StorageMock.swift */; };
		08D216CE2326907900ABFA77 /* LocalPersistenceManager.swift in Sources */ = {isa = PBXBuildFile; fileRef = 08D216CD2326907900ABFA77 /* LocalPersistenceManager.swift */; };
		7AB37021953C59A5DD5F2FC0 /* Pods_Unbabel_ChallengeUITests.framework in Frameworks */ = {isa = PBXBuildFile; fileRef = 235FF53CD3656D8EA91970D7 /* Pods_Unbabel_ChallengeUITests.framework */; };
		A40717779DAAA3718FD5FF4E /* Pods_Unbabel_Challenge.framework in Frameworks */ = {isa = PBXBuildFile; fileRef = 9E809D311FC08E2B6E7532A9 /* Pods_Unbabel_Challenge.framework */; };
/* End PBXBuildFile section */

/* Begin PBXContainerItemProxy section */
		08D216962321105900ABFA77 /* PBXContainerItemProxy */ = {
			isa = PBXContainerItemProxy;
			containerPortal = 08D216792321105800ABFA77 /* Project object */;
			proxyType = 1;
			remoteGlobalIDString = 08D216802321105800ABFA77;
			remoteInfo = "Unbabel Challenge";
		};
		08D216A12321105A00ABFA77 /* PBXContainerItemProxy */ = {
			isa = PBXContainerItemProxy;
			containerPortal = 08D216792321105800ABFA77 /* Project object */;
			proxyType = 1;
			remoteGlobalIDString = 08D216802321105800ABFA77;
			remoteInfo = "Unbabel Challenge";
		};
/* End PBXContainerItemProxy section */

/* Begin PBXFileReference section */
		08D216812321105800ABFA77 /* Unbabel Challenge.app */ = {isa = PBXFileReference; explicitFileType = wrapper.application; includeInIndex = 0; path = "Unbabel Challenge.app"; sourceTree = BUILT_PRODUCTS_DIR; };
		08D216842321105800ABFA77 /* AppDelegate.swift */ = {isa = PBXFileReference; lastKnownFileType = sourcecode.swift; path = AppDelegate.swift; sourceTree = "<group>"; };
		08D216862321105800ABFA77 /* ViewController.swift */ = {isa = PBXFileReference; lastKnownFileType = sourcecode.swift; path = ViewController.swift; sourceTree = "<group>"; };
		08D216892321105800ABFA77 /* Base */ = {isa = PBXFileReference; lastKnownFileType = file.storyboard; name = Base; path = Base.lproj/Main.storyboard; sourceTree = "<group>"; };
		08D2168B2321105900ABFA77 /* Assets.xcassets */ = {isa = PBXFileReference; lastKnownFileType = folder.assetcatalog; path = Assets.xcassets; sourceTree = "<group>"; };
		08D2168E2321105900ABFA77 /* Base */ = {isa = PBXFileReference; lastKnownFileType = file.storyboard; name = Base; path = Base.lproj/LaunchScreen.storyboard; sourceTree = "<group>"; };
		08D216902321105900ABFA77 /* Info.plist */ = {isa = PBXFileReference; lastKnownFileType = text.plist.xml; path = Info.plist; sourceTree = "<group>"; };
		08D216952321105900ABFA77 /* Unbabel ChallengeTests.xctest */ = {isa = PBXFileReference; explicitFileType = wrapper.cfbundle; includeInIndex = 0; path = "Unbabel ChallengeTests.xctest"; sourceTree = BUILT_PRODUCTS_DIR; };
		08D216992321105900ABFA77 /* Unbabel_ChallengeTests.swift */ = {isa = PBXFileReference; lastKnownFileType = sourcecode.swift; path = Unbabel_ChallengeTests.swift; sourceTree = "<group>"; };
		08D2169B2321105900ABFA77 /* Info.plist */ = {isa = PBXFileReference; lastKnownFileType = text.plist.xml; path = Info.plist; sourceTree = "<group>"; };
		08D216A02321105A00ABFA77 /* Unbabel ChallengeUITests.xctest */ = {isa = PBXFileReference; explicitFileType = wrapper.cfbundle; includeInIndex = 0; path = "Unbabel ChallengeUITests.xctest"; sourceTree = BUILT_PRODUCTS_DIR; };
		08D216A42321105A00ABFA77 /* Unbabel_ChallengeUITests.swift */ = {isa = PBXFileReference; lastKnownFileType = sourcecode.swift; path = Unbabel_ChallengeUITests.swift; sourceTree = "<group>"; };
		08D216A62321105A00ABFA77 /* Info.plist */ = {isa = PBXFileReference; lastKnownFileType = text.plist.xml; path = Info.plist; sourceTree = "<group>"; };
		08D216B2232277D400ABFA77 /* NetworkInterface.swift */ = {isa = PBXFileReference; lastKnownFileType = sourcecode.swift; path = NetworkInterface.swift; sourceTree = "<group>"; };
		08D216B623227B9900ABFA77 /* NetworkCommunicator.swift */ = {isa = PBXFileReference; lastKnownFileType = sourcecode.swift; path = NetworkCommunicator.swift; sourceTree = "<group>"; };
		08D216BC232284F700ABFA77 /* NetworkResponses.swift */ = {isa = PBXFileReference; lastKnownFileType = sourcecode.swift; path = NetworkResponses.swift; sourceTree = "<group>"; };
		08D216C22322B3AD00ABFA77 /* Post.swift */ = {isa = PBXFileReference; lastKnownFileType = sourcecode.swift; path = Post.swift; sourceTree = "<group>"; };
		08D216C42322B3BC00ABFA77 /* PostParser.swift */ = {isa = PBXFileReference; lastKnownFileType = sourcecode.swift; path = PostParser.swift; sourceTree = "<group>"; };
		08D216C7232661B300ABFA77 /* StorageInterface.swift */ = {isa = PBXFileReference; lastKnownFileType = sourcecode.swift; path = StorageInterface.swift; sourceTree = "<group>"; };
		08D216C9232664A300ABFA77 /* NetworkMock.swift */ = {isa = PBXFileReference; fileEncoding = 4; lastKnownFileType = sourcecode.swift; path = NetworkMock.swift; sourceTree = "<group>"; };
		08D216CB23268DD500ABFA77 /* StorageMock.swift */ = {isa = PBXFileReference; lastKnownFileType = sourcecode.swift; path = StorageMock.swift; sourceTree = "<group>"; };
		08D216CD2326907900ABFA77 /* LocalPersistenceManager.swift */ = {isa = PBXFileReference; lastKnownFileType = sourcecode.swift; path = LocalPersistenceManager.swift; sourceTree = "<group>"; };
		235FF53CD3656D8EA91970D7 /* Pods_Unbabel_ChallengeUITests.framework */ = {isa = PBXFileReference; explicitFileType = wrapper.framework; includeInIndex = 0; path = Pods_Unbabel_ChallengeUITests.framework; sourceTree = BUILT_PRODUCTS_DIR; };
		3C6BE776ECBDE1BC2F37934E /* Pods-Unbabel Challenge.debug.xcconfig */ = {isa = PBXFileReference; includeInIndex = 1; lastKnownFileType = text.xcconfig; name = "Pods-Unbabel Challenge.debug.xcconfig"; path = "Pods/Target Support Files/Pods-Unbabel Challenge/Pods-Unbabel Challenge.debug.xcconfig"; sourceTree = "<group>"; };
		3F3105E656EF5E6CAB1407A4 /* Pods-Unbabel ChallengeTests.release.xcconfig */ = {isa = PBXFileReference; includeInIndex = 1; lastKnownFileType = text.xcconfig; name = "Pods-Unbabel ChallengeTests.release.xcconfig"; path = "Pods/Target Support Files/Pods-Unbabel ChallengeTests/Pods-Unbabel ChallengeTests.release.xcconfig"; sourceTree = "<group>"; };
		59EE61AD49631AA80B9994F5 /* Pods-Unbabel ChallengeUITests.release.xcconfig */ = {isa = PBXFileReference; includeInIndex = 1; lastKnownFileType = text.xcconfig; name = "Pods-Unbabel ChallengeUITests.release.xcconfig"; path = "Pods/Target Support Files/Pods-Unbabel ChallengeUITests/Pods-Unbabel ChallengeUITests.release.xcconfig"; sourceTree = "<group>"; };
		7826C4B8B5BF6716D4C48EE4 /* Pods-Unbabel ChallengeUITests.debug.xcconfig */ = {isa = PBXFileReference; includeInIndex = 1; lastKnownFileType = text.xcconfig; name = "Pods-Unbabel ChallengeUITests.debug.xcconfig"; path = "Pods/Target Support Files/Pods-Unbabel ChallengeUITests/Pods-Unbabel ChallengeUITests.debug.xcconfig"; sourceTree = "<group>"; };
		92146FF229918A0FB2790543 /* Pods-Unbabel Challenge.release.xcconfig */ = {isa = PBXFileReference; includeInIndex = 1; lastKnownFileType = text.xcconfig; name = "Pods-Unbabel Challenge.release.xcconfig"; path = "Pods/Target Support Files/Pods-Unbabel Challenge/Pods-Unbabel Challenge.release.xcconfig"; sourceTree = "<group>"; };
		9AE929DD60F871EBE310D94F /* Pods_Unbabel_ChallengeTests.framework */ = {isa = PBXFileReference; explicitFileType = wrapper.framework; includeInIndex = 0; path = Pods_Unbabel_ChallengeTests.framework; sourceTree = BUILT_PRODUCTS_DIR; };
		9E809D311FC08E2B6E7532A9 /* Pods_Unbabel_Challenge.framework */ = {isa = PBXFileReference; explicitFileType = wrapper.framework; includeInIndex = 0; path = Pods_Unbabel_Challenge.framework; sourceTree = BUILT_PRODUCTS_DIR; };
		F083B6F181328817B4963089 /* Pods-Unbabel ChallengeTests.debug.xcconfig */ = {isa = PBXFileReference; includeInIndex = 1; lastKnownFileType = text.xcconfig; name = "Pods-Unbabel ChallengeTests.debug.xcconfig"; path = "Pods/Target Support Files/Pods-Unbabel ChallengeTests/Pods-Unbabel ChallengeTests.debug.xcconfig"; sourceTree = "<group>"; };
/* End PBXFileReference section */

/* Begin PBXFrameworksBuildPhase section */
		08D2167E2321105800ABFA77 /* Frameworks */ = {
			isa = PBXFrameworksBuildPhase;
			buildActionMask = 2147483647;
			files = (
				A40717779DAAA3718FD5FF4E /* Pods_Unbabel_Challenge.framework in Frameworks */,
			);
			runOnlyForDeploymentPostprocessing = 0;
		};
		08D216922321105900ABFA77 /* Frameworks */ = {
			isa = PBXFrameworksBuildPhase;
			buildActionMask = 2147483647;
			files = (
				0897E43125F1E8376EFB6B8D /* Pods_Unbabel_ChallengeTests.framework in Frameworks */,
			);
			runOnlyForDeploymentPostprocessing = 0;
		};
		08D2169D2321105A00ABFA77 /* Frameworks */ = {
			isa = PBXFrameworksBuildPhase;
			buildActionMask = 2147483647;
			files = (
				7AB37021953C59A5DD5F2FC0 /* Pods_Unbabel_ChallengeUITests.framework in Frameworks */,
			);
			runOnlyForDeploymentPostprocessing = 0;
		};
/* End PBXFrameworksBuildPhase section */

/* Begin PBXGroup section */
		08D216782321105800ABFA77 = {
			isa = PBXGroup;
			children = (
				08D216832321105800ABFA77 /* Unbabel Challenge */,
				08D216982321105900ABFA77 /* Unbabel ChallengeTests */,
				08D216A32321105A00ABFA77 /* Unbabel ChallengeUITests */,
				08D216822321105800ABFA77 /* Products */,
				EF84210B028A6297985329C7 /* Pods */,
				DA86590116EFC483D189DE63 /* Frameworks */,
			);
			sourceTree = "<group>";
		};
		08D216822321105800ABFA77 /* Products */ = {
			isa = PBXGroup;
			children = (
				08D216812321105800ABFA77 /* Unbabel Challenge.app */,
				08D216952321105900ABFA77 /* Unbabel ChallengeTests.xctest */,
				08D216A02321105A00ABFA77 /* Unbabel ChallengeUITests.xctest */,
			);
			name = Products;
			sourceTree = "<group>";
		};
		08D216832321105800ABFA77 /* Unbabel Challenge */ = {
			isa = PBXGroup;
			children = (
				08D216C62326618800ABFA77 /* LocalPersistence */,
				08D216C12322B38E00ABFA77 /* Models */,
				08D216B523227B3800ABFA77 /* NetworkLayer */,
				08D216B423227B2200ABFA77 /* Interfaces */,
				08D216842321105800ABFA77 /* AppDelegate.swift */,
				08D216862321105800ABFA77 /* ViewController.swift */,
				08D216882321105800ABFA77 /* Main.storyboard */,
				08D2168B2321105900ABFA77 /* Assets.xcassets */,
				08D2168D2321105900ABFA77 /* LaunchScreen.storyboard */,
				08D216902321105900ABFA77 /* Info.plist */,
			);
			path = "Unbabel Challenge";
			sourceTree = "<group>";
		};
		08D216982321105900ABFA77 /* Unbabel ChallengeTests */ = {
			isa = PBXGroup;
			children = (
				08D216B82322837900ABFA77 /* Mocks */,
				08D216992321105900ABFA77 /* Unbabel_ChallengeTests.swift */,
				08D2169B2321105900ABFA77 /* Info.plist */,
			);
			path = "Unbabel ChallengeTests";
			sourceTree = "<group>";
		};
		08D216A32321105A00ABFA77 /* Unbabel ChallengeUITests */ = {
			isa = PBXGroup;
			children = (
				08D216A42321105A00ABFA77 /* Unbabel_ChallengeUITests.swift */,
				08D216A62321105A00ABFA77 /* Info.plist */,
			);
			path = "Unbabel ChallengeUITests";
			sourceTree = "<group>";
		};
		08D216B423227B2200ABFA77 /* Interfaces */ = {
			isa = PBXGroup;
			children = (
				08D216B2232277D400ABFA77 /* NetworkInterface.swift */,
				08D216C7232661B300ABFA77 /* StorageInterface.swift */,
			);
			path = Interfaces;
			sourceTree = "<group>";
		};
		08D216B523227B3800ABFA77 /* NetworkLayer */ = {
			isa = PBXGroup;
			children = (
				08D216B623227B9900ABFA77 /* NetworkCommunicator.swift */,
			);
			path = NetworkLayer;
			sourceTree = "<group>";
		};
		08D216B82322837900ABFA77 /* Mocks */ = {
			isa = PBXGroup;
			children = (
				08D216C9232664A300ABFA77 /* NetworkMock.swift */,
				08D216BC232284F700ABFA77 /* NetworkResponses.swift */,
				08D216CB23268DD500ABFA77 /* StorageMock.swift */,
			);
			path = Mocks;
			sourceTree = "<group>";
		};
		08D216C12322B38E00ABFA77 /* Models */ = {
			isa = PBXGroup;
			children = (
				08D216C22322B3AD00ABFA77 /* Post.swift */,
				08D216C42322B3BC00ABFA77 /* PostParser.swift */,
			);
			path = Models;
			sourceTree = "<group>";
		};
		08D216C62326618800ABFA77 /* LocalPersistence */ = {
			isa = PBXGroup;
			children = (
				08D216CD2326907900ABFA77 /* LocalPersistenceManager.swift */,
			);
			path = LocalPersistence;
			sourceTree = "<group>";
		};
		DA86590116EFC483D189DE63 /* Frameworks */ = {
			isa = PBXGroup;
			children = (
				9E809D311FC08E2B6E7532A9 /* Pods_Unbabel_Challenge.framework */,
				9AE929DD60F871EBE310D94F /* Pods_Unbabel_ChallengeTests.framework */,
				235FF53CD3656D8EA91970D7 /* Pods_Unbabel_ChallengeUITests.framework */,
			);
			name = Frameworks;
			sourceTree = "<group>";
		};
		EF84210B028A6297985329C7 /* Pods */ = {
			isa = PBXGroup;
			children = (
				3C6BE776ECBDE1BC2F37934E /* Pods-Unbabel Challenge.debug.xcconfig */,
				92146FF229918A0FB2790543 /* Pods-Unbabel Challenge.release.xcconfig */,
				F083B6F181328817B4963089 /* Pods-Unbabel ChallengeTests.debug.xcconfig */,
				3F3105E656EF5E6CAB1407A4 /* Pods-Unbabel ChallengeTests.release.xcconfig */,
				7826C4B8B5BF6716D4C48EE4 /* Pods-Unbabel ChallengeUITests.debug.xcconfig */,
				59EE61AD49631AA80B9994F5 /* Pods-Unbabel ChallengeUITests.release.xcconfig */,
			);
			name = Pods;
			sourceTree = "<group>";
		};
/* End PBXGroup section */

/* Begin PBXNativeTarget section */
		08D216802321105800ABFA77 /* Unbabel Challenge */ = {
			isa = PBXNativeTarget;
			buildConfigurationList = 08D216A92321105A00ABFA77 /* Build configuration list for PBXNativeTarget "Unbabel Challenge" */;
			buildPhases = (
				EAD1D530AC24D7A9ADA88D32 /* [CP] Check Pods Manifest.lock */,
				08D2167D2321105800ABFA77 /* Sources */,
				08D2167E2321105800ABFA77 /* Frameworks */,
				08D2167F2321105800ABFA77 /* Resources */,
				84C758BD0165611D4059B95B /* [CP] Embed Pods Frameworks */,
			);
			buildRules = (
			);
			dependencies = (
			);
			name = "Unbabel Challenge";
			productName = "Unbabel Challenge";
			productReference = 08D216812321105800ABFA77 /* Unbabel Challenge.app */;
			productType = "com.apple.product-type.application";
		};
		08D216942321105900ABFA77 /* Unbabel ChallengeTests */ = {
			isa = PBXNativeTarget;
			buildConfigurationList = 08D216AC2321105A00ABFA77 /* Build configuration list for PBXNativeTarget "Unbabel ChallengeTests" */;
			buildPhases = (
				CAD8E6ECAE01BA176A1B851B /* [CP] Check Pods Manifest.lock */,
				08D216912321105900ABFA77 /* Sources */,
				08D216922321105900ABFA77 /* Frameworks */,
				08D216932321105900ABFA77 /* Resources */,
			);
			buildRules = (
			);
			dependencies = (
				08D216972321105900ABFA77 /* PBXTargetDependency */,
			);
			name = "Unbabel ChallengeTests";
			productName = "Unbabel ChallengeTests";
			productReference = 08D216952321105900ABFA77 /* Unbabel ChallengeTests.xctest */;
			productType = "com.apple.product-type.bundle.unit-test";
		};
		08D2169F2321105A00ABFA77 /* Unbabel ChallengeUITests */ = {
			isa = PBXNativeTarget;
			buildConfigurationList = 08D216AF2321105A00ABFA77 /* Build configuration list for PBXNativeTarget "Unbabel ChallengeUITests" */;
			buildPhases = (
				8F7978552D7C674A642016E2 /* [CP] Check Pods Manifest.lock */,
				08D2169C2321105A00ABFA77 /* Sources */,
				08D2169D2321105A00ABFA77 /* Frameworks */,
				08D2169E2321105A00ABFA77 /* Resources */,
			);
			buildRules = (
			);
			dependencies = (
				08D216A22321105A00ABFA77 /* PBXTargetDependency */,
			);
			name = "Unbabel ChallengeUITests";
			productName = "Unbabel ChallengeUITests";
			productReference = 08D216A02321105A00ABFA77 /* Unbabel ChallengeUITests.xctest */;
			productType = "com.apple.product-type.bundle.ui-testing";
		};
/* End PBXNativeTarget section */

/* Begin PBXProject section */
		08D216792321105800ABFA77 /* Project object */ = {
			isa = PBXProject;
			attributes = {
				LastSwiftUpdateCheck = 1030;
				LastUpgradeCheck = 1030;
				ORGANIZATIONNAME = "Luís Rosa";
				TargetAttributes = {
					08D216802321105800ABFA77 = {
						CreatedOnToolsVersion = 10.3;
					};
					08D216942321105900ABFA77 = {
						CreatedOnToolsVersion = 10.3;
						TestTargetID = 08D216802321105800ABFA77;
					};
					08D2169F2321105A00ABFA77 = {
						CreatedOnToolsVersion = 10.3;
						TestTargetID = 08D216802321105800ABFA77;
					};
				};
			};
			buildConfigurationList = 08D2167C2321105800ABFA77 /* Build configuration list for PBXProject "Unbabel Challenge" */;
			compatibilityVersion = "Xcode 9.3";
			developmentRegion = en;
			hasScannedForEncodings = 0;
			knownRegions = (
				en,
				Base,
			);
			mainGroup = 08D216782321105800ABFA77;
			productRefGroup = 08D216822321105800ABFA77 /* Products */;
			projectDirPath = "";
			projectRoot = "";
			targets = (
				08D216802321105800ABFA77 /* Unbabel Challenge */,
				08D216942321105900ABFA77 /* Unbabel ChallengeTests */,
				08D2169F2321105A00ABFA77 /* Unbabel ChallengeUITests */,
			);
		};
/* End PBXProject section */

/* Begin PBXResourcesBuildPhase section */
		08D2167F2321105800ABFA77 /* Resources */ = {
			isa = PBXResourcesBuildPhase;
			buildActionMask = 2147483647;
			files = (
				08D2168F2321105900ABFA77 /* LaunchScreen.storyboard in Resources */,
				08D2168C2321105900ABFA77 /* Assets.xcassets in Resources */,
				08D2168A2321105800ABFA77 /* Main.storyboard in Resources */,
			);
			runOnlyForDeploymentPostprocessing = 0;
		};
		08D216932321105900ABFA77 /* Resources */ = {
			isa = PBXResourcesBuildPhase;
			buildActionMask = 2147483647;
			files = (
			);
			runOnlyForDeploymentPostprocessing = 0;
		};
		08D2169E2321105A00ABFA77 /* Resources */ = {
			isa = PBXResourcesBuildPhase;
			buildActionMask = 2147483647;
			files = (
			);
			runOnlyForDeploymentPostprocessing = 0;
		};
/* End PBXResourcesBuildPhase section */

/* Begin PBXShellScriptBuildPhase section */
		84C758BD0165611D4059B95B /* [CP] Embed Pods Frameworks */ = {
			isa = PBXShellScriptBuildPhase;
			buildActionMask = 2147483647;
			files = (
			);
			inputFileListPaths = (
			);
			inputPaths = (
				"${SRCROOT}/Pods/Target Support Files/Pods-Unbabel Challenge/Pods-Unbabel Challenge-frameworks.sh",
				"${BUILT_PRODUCTS_DIR}/Alamofire/Alamofire.framework",
			);
			name = "[CP] Embed Pods Frameworks";
			outputFileListPaths = (
			);
			outputPaths = (
				"${TARGET_BUILD_DIR}/${FRAMEWORKS_FOLDER_PATH}/Alamofire.framework",
			);
			runOnlyForDeploymentPostprocessing = 0;
			shellPath = /bin/sh;
			shellScript = "\"${SRCROOT}/Pods/Target Support Files/Pods-Unbabel Challenge/Pods-Unbabel Challenge-frameworks.sh\"\n";
			showEnvVarsInLog = 0;
		};
		8F7978552D7C674A642016E2 /* [CP] Check Pods Manifest.lock */ = {
			isa = PBXShellScriptBuildPhase;
			buildActionMask = 2147483647;
			files = (
			);
			inputFileListPaths = (
			);
			inputPaths = (
				"${PODS_PODFILE_DIR_PATH}/Podfile.lock",
				"${PODS_ROOT}/Manifest.lock",
			);
			name = "[CP] Check Pods Manifest.lock";
			outputFileListPaths = (
			);
			outputPaths = (
				"$(DERIVED_FILE_DIR)/Pods-Unbabel ChallengeUITests-checkManifestLockResult.txt",
			);
			runOnlyForDeploymentPostprocessing = 0;
			shellPath = /bin/sh;
			shellScript = "diff \"${PODS_PODFILE_DIR_PATH}/Podfile.lock\" \"${PODS_ROOT}/Manifest.lock\" > /dev/null\nif [ $? != 0 ] ; then\n    # print error to STDERR\n    echo \"error: The sandbox is not in sync with the Podfile.lock. Run 'pod install' or update your CocoaPods installation.\" >&2\n    exit 1\nfi\n# This output is used by Xcode 'outputs' to avoid re-running this script phase.\necho \"SUCCESS\" > \"${SCRIPT_OUTPUT_FILE_0}\"\n";
			showEnvVarsInLog = 0;
		};
		CAD8E6ECAE01BA176A1B851B /* [CP] Check Pods Manifest.lock */ = {
			isa = PBXShellScriptBuildPhase;
			buildActionMask = 2147483647;
			files = (
			);
			inputFileListPaths = (
			);
			inputPaths = (
				"${PODS_PODFILE_DIR_PATH}/Podfile.lock",
				"${PODS_ROOT}/Manifest.lock",
			);
			name = "[CP] Check Pods Manifest.lock";
			outputFileListPaths = (
			);
			outputPaths = (
				"$(DERIVED_FILE_DIR)/Pods-Unbabel ChallengeTests-checkManifestLockResult.txt",
			);
			runOnlyForDeploymentPostprocessing = 0;
			shellPath = /bin/sh;
			shellScript = "diff \"${PODS_PODFILE_DIR_PATH}/Podfile.lock\" \"${PODS_ROOT}/Manifest.lock\" > /dev/null\nif [ $? != 0 ] ; then\n    # print error to STDERR\n    echo \"error: The sandbox is not in sync with the Podfile.lock. Run 'pod install' or update your CocoaPods installation.\" >&2\n    exit 1\nfi\n# This output is used by Xcode 'outputs' to avoid re-running this script phase.\necho \"SUCCESS\" > \"${SCRIPT_OUTPUT_FILE_0}\"\n";
			showEnvVarsInLog = 0;
		};
		EAD1D530AC24D7A9ADA88D32 /* [CP] Check Pods Manifest.lock */ = {
			isa = PBXShellScriptBuildPhase;
			buildActionMask = 2147483647;
			files = (
			);
			inputFileListPaths = (
			);
			inputPaths = (
				"${PODS_PODFILE_DIR_PATH}/Podfile.lock",
				"${PODS_ROOT}/Manifest.lock",
			);
			name = "[CP] Check Pods Manifest.lock";
			outputFileListPaths = (
			);
			outputPaths = (
				"$(DERIVED_FILE_DIR)/Pods-Unbabel Challenge-checkManifestLockResult.txt",
			);
			runOnlyForDeploymentPostprocessing = 0;
			shellPath = /bin/sh;
			shellScript = "diff \"${PODS_PODFILE_DIR_PATH}/Podfile.lock\" \"${PODS_ROOT}/Manifest.lock\" > /dev/null\nif [ $? != 0 ] ; then\n    # print error to STDERR\n    echo \"error: The sandbox is not in sync with the Podfile.lock. Run 'pod install' or update your CocoaPods installation.\" >&2\n    exit 1\nfi\n# This output is used by Xcode 'outputs' to avoid re-running this script phase.\necho \"SUCCESS\" > \"${SCRIPT_OUTPUT_FILE_0}\"\n";
			showEnvVarsInLog = 0;
		};
/* End PBXShellScriptBuildPhase section */

/* Begin PBXSourcesBuildPhase section */
		08D2167D2321105800ABFA77 /* Sources */ = {
			isa = PBXSourcesBuildPhase;
			buildActionMask = 2147483647;
			files = (
				08D216872321105800ABFA77 /* ViewController.swift in Sources */,
				08D216B3232277D400ABFA77 /* NetworkInterface.swift in Sources */,
				08D216852321105800ABFA77 /* AppDelegate.swift in Sources */,
				08D216CE2326907900ABFA77 /* LocalPersistenceManager.swift in Sources */,
				08D216B723227B9900ABFA77 /* NetworkCommunicator.swift in Sources */,
				08D216C8232661B300ABFA77 /* StorageInterface.swift in Sources */,
				08D216C52322B3BC00ABFA77 /* PostParser.swift in Sources */,
				08D216C32322B3AD00ABFA77 /* Post.swift in Sources */,
			);
			runOnlyForDeploymentPostprocessing = 0;
		};
		08D216912321105900ABFA77 /* Sources */ = {
			isa = PBXSourcesBuildPhase;
			buildActionMask = 2147483647;
			files = (
				08D216BD232284F700ABFA77 /* NetworkResponses.swift in Sources */,
				08D2169A2321105900ABFA77 /* Unbabel_ChallengeTests.swift in Sources */,
				08D216CA232664A300ABFA77 /* NetworkMock.swift in Sources */,
				08D216CC23268DD500ABFA77 /* StorageMock.swift in Sources */,
			);
			runOnlyForDeploymentPostprocessing = 0;
		};
		08D2169C2321105A00ABFA77 /* Sources */ = {
			isa = PBXSourcesBuildPhase;
			buildActionMask = 2147483647;
			files = (
				08D216A52321105A00ABFA77 /* Unbabel_ChallengeUITests.swift in Sources */,
			);
			runOnlyForDeploymentPostprocessing = 0;
		};
/* End PBXSourcesBuildPhase section */

/* Begin PBXTargetDependency section */
		08D216972321105900ABFA77 /* PBXTargetDependency */ = {
			isa = PBXTargetDependency;
			target = 08D216802321105800ABFA77 /* Unbabel Challenge */;
			targetProxy = 08D216962321105900ABFA77 /* PBXContainerItemProxy */;
		};
		08D216A22321105A00ABFA77 /* PBXTargetDependency */ = {
			isa = PBXTargetDependency;
			target = 08D216802321105800ABFA77 /* Unbabel Challenge */;
			targetProxy = 08D216A12321105A00ABFA77 /* PBXContainerItemProxy */;
		};
/* End PBXTargetDependency section */

/* Begin PBXVariantGroup section */
		08D216882321105800ABFA77 /* Main.storyboard */ = {
			isa = PBXVariantGroup;
			children = (
				08D216892321105800ABFA77 /* Base */,
			);
			name = Main.storyboard;
			sourceTree = "<group>";
		};
		08D2168D2321105900ABFA77 /* LaunchScreen.storyboard */ = {
			isa = PBXVariantGroup;
			children = (
				08D2168E2321105900ABFA77 /* Base */,
			);
			name = LaunchScreen.storyboard;
			sourceTree = "<group>";
		};
/* End PBXVariantGroup section */

/* Begin XCBuildConfiguration section */
		08D216A72321105A00ABFA77 /* Debug */ = {
			isa = XCBuildConfiguration;
			buildSettings = {
				ALWAYS_SEARCH_USER_PATHS = NO;
				CLANG_ANALYZER_NONNULL = YES;
				CLANG_ANALYZER_NUMBER_OBJECT_CONVERSION = YES_AGGRESSIVE;
				CLANG_CXX_LANGUAGE_STANDARD = "gnu++14";
				CLANG_CXX_LIBRARY = "libc++";
				CLANG_ENABLE_MODULES = YES;
				CLANG_ENABLE_OBJC_ARC = YES;
				CLANG_ENABLE_OBJC_WEAK = YES;
				CLANG_WARN_BLOCK_CAPTURE_AUTORELEASING = YES;
				CLANG_WARN_BOOL_CONVERSION = YES;
				CLANG_WARN_COMMA = YES;
				CLANG_WARN_CONSTANT_CONVERSION = YES;
				CLANG_WARN_DEPRECATED_OBJC_IMPLEMENTATIONS = YES;
				CLANG_WARN_DIRECT_OBJC_ISA_USAGE = YES_ERROR;
				CLANG_WARN_DOCUMENTATION_COMMENTS = YES;
				CLANG_WARN_EMPTY_BODY = YES;
				CLANG_WARN_ENUM_CONVERSION = YES;
				CLANG_WARN_INFINITE_RECURSION = YES;
				CLANG_WARN_INT_CONVERSION = YES;
				CLANG_WARN_NON_LITERAL_NULL_CONVERSION = YES;
				CLANG_WARN_OBJC_IMPLICIT_RETAIN_SELF = YES;
				CLANG_WARN_OBJC_LITERAL_CONVERSION = YES;
				CLANG_WARN_OBJC_ROOT_CLASS = YES_ERROR;
				CLANG_WARN_RANGE_LOOP_ANALYSIS = YES;
				CLANG_WARN_STRICT_PROTOTYPES = YES;
				CLANG_WARN_SUSPICIOUS_MOVE = YES;
				CLANG_WARN_UNGUARDED_AVAILABILITY = YES_AGGRESSIVE;
				CLANG_WARN_UNREACHABLE_CODE = YES;
				CLANG_WARN__DUPLICATE_METHOD_MATCH = YES;
				CODE_SIGN_IDENTITY = "iPhone Developer";
				COPY_PHASE_STRIP = NO;
				DEBUG_INFORMATION_FORMAT = dwarf;
				ENABLE_STRICT_OBJC_MSGSEND = YES;
				ENABLE_TESTABILITY = YES;
				GCC_C_LANGUAGE_STANDARD = gnu11;
				GCC_DYNAMIC_NO_PIC = NO;
				GCC_NO_COMMON_BLOCKS = YES;
				GCC_OPTIMIZATION_LEVEL = 0;
				GCC_PREPROCESSOR_DEFINITIONS = (
					"DEBUG=1",
					"$(inherited)",
				);
				GCC_WARN_64_TO_32_BIT_CONVERSION = YES;
				GCC_WARN_ABOUT_RETURN_TYPE = YES_ERROR;
				GCC_WARN_UNDECLARED_SELECTOR = YES;
				GCC_WARN_UNINITIALIZED_AUTOS = YES_AGGRESSIVE;
				GCC_WARN_UNUSED_FUNCTION = YES;
				GCC_WARN_UNUSED_VARIABLE = YES;
				IPHONEOS_DEPLOYMENT_TARGET = 12.4;
				MTL_ENABLE_DEBUG_INFO = INCLUDE_SOURCE;
				MTL_FAST_MATH = YES;
				ONLY_ACTIVE_ARCH = YES;
				SDKROOT = iphoneos;
				SWIFT_ACTIVE_COMPILATION_CONDITIONS = DEBUG;
				SWIFT_OPTIMIZATION_LEVEL = "-Onone";
			};
			name = Debug;
		};
		08D216A82321105A00ABFA77 /* Release */ = {
			isa = XCBuildConfiguration;
			buildSettings = {
				ALWAYS_SEARCH_USER_PATHS = NO;
				CLANG_ANALYZER_NONNULL = YES;
				CLANG_ANALYZER_NUMBER_OBJECT_CONVERSION = YES_AGGRESSIVE;
				CLANG_CXX_LANGUAGE_STANDARD = "gnu++14";
				CLANG_CXX_LIBRARY = "libc++";
				CLANG_ENABLE_MODULES = YES;
				CLANG_ENABLE_OBJC_ARC = YES;
				CLANG_ENABLE_OBJC_WEAK = YES;
				CLANG_WARN_BLOCK_CAPTURE_AUTORELEASING = YES;
				CLANG_WARN_BOOL_CONVERSION = YES;
				CLANG_WARN_COMMA = YES;
				CLANG_WARN_CONSTANT_CONVERSION = YES;
				CLANG_WARN_DEPRECATED_OBJC_IMPLEMENTATIONS = YES;
				CLANG_WARN_DIRECT_OBJC_ISA_USAGE = YES_ERROR;
				CLANG_WARN_DOCUMENTATION_COMMENTS = YES;
				CLANG_WARN_EMPTY_BODY = YES;
				CLANG_WARN_ENUM_CONVERSION = YES;
				CLANG_WARN_INFINITE_RECURSION = YES;
				CLANG_WARN_INT_CONVERSION = YES;
				CLANG_WARN_NON_LITERAL_NULL_CONVERSION = YES;
				CLANG_WARN_OBJC_IMPLICIT_RETAIN_SELF = YES;
				CLANG_WARN_OBJC_LITERAL_CONVERSION = YES;
				CLANG_WARN_OBJC_ROOT_CLASS = YES_ERROR;
				CLANG_WARN_RANGE_LOOP_ANALYSIS = YES;
				CLANG_WARN_STRICT_PROTOTYPES = YES;
				CLANG_WARN_SUSPICIOUS_MOVE = YES;
				CLANG_WARN_UNGUARDED_AVAILABILITY = YES_AGGRESSIVE;
				CLANG_WARN_UNREACHABLE_CODE = YES;
				CLANG_WARN__DUPLICATE_METHOD_MATCH = YES;
				CODE_SIGN_IDENTITY = "iPhone Developer";
				COPY_PHASE_STRIP = NO;
				DEBUG_INFORMATION_FORMAT = "dwarf-with-dsym";
				ENABLE_NS_ASSERTIONS = NO;
				ENABLE_STRICT_OBJC_MSGSEND = YES;
				GCC_C_LANGUAGE_STANDARD = gnu11;
				GCC_NO_COMMON_BLOCKS = YES;
				GCC_WARN_64_TO_32_BIT_CONVERSION = YES;
				GCC_WARN_ABOUT_RETURN_TYPE = YES_ERROR;
				GCC_WARN_UNDECLARED_SELECTOR = YES;
				GCC_WARN_UNINITIALIZED_AUTOS = YES_AGGRESSIVE;
				GCC_WARN_UNUSED_FUNCTION = YES;
				GCC_WARN_UNUSED_VARIABLE = YES;
				IPHONEOS_DEPLOYMENT_TARGET = 12.4;
				MTL_ENABLE_DEBUG_INFO = NO;
				MTL_FAST_MATH = YES;
				SDKROOT = iphoneos;
				SWIFT_COMPILATION_MODE = wholemodule;
				SWIFT_OPTIMIZATION_LEVEL = "-O";
				VALIDATE_PRODUCT = YES;
			};
			name = Release;
		};
		08D216AA2321105A00ABFA77 /* Debug */ = {
			isa = XCBuildConfiguration;
			baseConfigurationReference = 3C6BE776ECBDE1BC2F37934E /* Pods-Unbabel Challenge.debug.xcconfig */;
			buildSettings = {
				ASSETCATALOG_COMPILER_APPICON_NAME = AppIcon;
				CODE_SIGN_STYLE = Manual;
				DEVELOPMENT_TEAM = "";
				INFOPLIST_FILE = "Unbabel Challenge/Info.plist";
				LD_RUNPATH_SEARCH_PATHS = (
					"$(inherited)",
					"@executable_path/Frameworks",
				);
				PRODUCT_BUNDLE_IDENTIFIER = "rosa.luis.Unbabel-Challenge";
				PRODUCT_NAME = "$(TARGET_NAME)";
				PROVISIONING_PROFILE_SPECIFIER = "";
				SWIFT_VERSION = 5.0;
				TARGETED_DEVICE_FAMILY = "1,2";
			};
			name = Debug;
		};
		08D216AB2321105A00ABFA77 /* Release */ = {
			isa = XCBuildConfiguration;
			baseConfigurationReference = 92146FF229918A0FB2790543 /* Pods-Unbabel Challenge.release.xcconfig */;
			buildSettings = {
				ASSETCATALOG_COMPILER_APPICON_NAME = AppIcon;
				CODE_SIGN_STYLE = Manual;
				DEVELOPMENT_TEAM = "";
				INFOPLIST_FILE = "Unbabel Challenge/Info.plist";
				LD_RUNPATH_SEARCH_PATHS = (
					"$(inherited)",
					"@executable_path/Frameworks",
				);
				PRODUCT_BUNDLE_IDENTIFIER = "rosa.luis.Unbabel-Challenge";
				PRODUCT_NAME = "$(TARGET_NAME)";
				PROVISIONING_PROFILE_SPECIFIER = "";
				SWIFT_VERSION = 5.0;
				TARGETED_DEVICE_FAMILY = "1,2";
			};
			name = Release;
		};
		08D216AD2321105A00ABFA77 /* Debug */ = {
			isa = XCBuildConfiguration;
			baseConfigurationReference = F083B6F181328817B4963089 /* Pods-Unbabel ChallengeTests.debug.xcconfig */;
			buildSettings = {
				ALWAYS_EMBED_SWIFT_STANDARD_LIBRARIES = YES;
				BUNDLE_LOADER = "$(TEST_HOST)";
				CODE_SIGN_STYLE = Automatic;
				INFOPLIST_FILE = "Unbabel ChallengeTests/Info.plist";
				LD_RUNPATH_SEARCH_PATHS = (
					"$(inherited)",
					"@executable_path/Frameworks",
					"@loader_path/Frameworks",
				);
				PRODUCT_BUNDLE_IDENTIFIER = "rosa.luis.Unbabel-ChallengeTests";
				PRODUCT_NAME = "$(TARGET_NAME)";
				SWIFT_VERSION = 5.0;
				TARGETED_DEVICE_FAMILY = "1,2";
				TEST_HOST = "$(BUILT_PRODUCTS_DIR)/Unbabel Challenge.app/Unbabel Challenge";
			};
			name = Debug;
		};
		08D216AE2321105A00ABFA77 /* Release */ = {
			isa = XCBuildConfiguration;
			baseConfigurationReference = 3F3105E656EF5E6CAB1407A4 /* Pods-Unbabel ChallengeTests.release.xcconfig */;
			buildSettings = {
				ALWAYS_EMBED_SWIFT_STANDARD_LIBRARIES = YES;
				BUNDLE_LOADER = "$(TEST_HOST)";
				CODE_SIGN_STYLE = Automatic;
				INFOPLIST_FILE = "Unbabel ChallengeTests/Info.plist";
				LD_RUNPATH_SEARCH_PATHS = (
					"$(inherited)",
					"@executable_path/Frameworks",
					"@loader_path/Frameworks",
				);
				PRODUCT_BUNDLE_IDENTIFIER = "rosa.luis.Unbabel-ChallengeTests";
				PRODUCT_NAME = "$(TARGET_NAME)";
				SWIFT_VERSION = 5.0;
				TARGETED_DEVICE_FAMILY = "1,2";
				TEST_HOST = "$(BUILT_PRODUCTS_DIR)/Unbabel Challenge.app/Unbabel Challenge";
			};
			name = Release;
		};
		08D216B02321105A00ABFA77 /* Debug */ = {
			isa = XCBuildConfiguration;
			baseConfigurationReference = 7826C4B8B5BF6716D4C48EE4 /* Pods-Unbabel ChallengeUITests.debug.xcconfig */;
			buildSettings = {
				ALWAYS_EMBED_SWIFT_STANDARD_LIBRARIES = YES;
				CODE_SIGN_STYLE = Automatic;
				INFOPLIST_FILE = "Unbabel ChallengeUITests/Info.plist";
				LD_RUNPATH_SEARCH_PATHS = (
					"$(inherited)",
					"@executable_path/Frameworks",
					"@loader_path/Frameworks",
				);
				PRODUCT_BUNDLE_IDENTIFIER = "rosa.luis.Unbabel-ChallengeUITests";
				PRODUCT_NAME = "$(TARGET_NAME)";
				SWIFT_VERSION = 5.0;
				TARGETED_DEVICE_FAMILY = "1,2";
				TEST_TARGET_NAME = "Unbabel Challenge";
			};
			name = Debug;
		};
		08D216B12321105A00ABFA77 /* Release */ = {
			isa = XCBuildConfiguration;
			baseConfigurationReference = 59EE61AD49631AA80B9994F5 /* Pods-Unbabel ChallengeUITests.release.xcconfig */;
			buildSettings = {
				ALWAYS_EMBED_SWIFT_STANDARD_LIBRARIES = YES;
				CODE_SIGN_STYLE = Automatic;
				INFOPLIST_FILE = "Unbabel ChallengeUITests/Info.plist";
				LD_RUNPATH_SEARCH_PATHS = (
					"$(inherited)",
					"@executable_path/Frameworks",
					"@loader_path/Frameworks",
				);
				PRODUCT_BUNDLE_IDENTIFIER = "rosa.luis.Unbabel-ChallengeUITests";
				PRODUCT_NAME = "$(TARGET_NAME)";
				SWIFT_VERSION = 5.0;
				TARGETED_DEVICE_FAMILY = "1,2";
				TEST_TARGET_NAME = "Unbabel Challenge";
			};
			name = Release;
		};
/* End XCBuildConfiguration section */

/* Begin XCConfigurationList section */
		08D2167C2321105800ABFA77 /* Build configuration list for PBXProject "Unbabel Challenge" */ = {
			isa = XCConfigurationList;
			buildConfigurations = (
				08D216A72321105A00ABFA77 /* Debug */,
				08D216A82321105A00ABFA77 /* Release */,
			);
			defaultConfigurationIsVisible = 0;
			defaultConfigurationName = Release;
		};
		08D216A92321105A00ABFA77 /* Build configuration list for PBXNativeTarget "Unbabel Challenge" */ = {
			isa = XCConfigurationList;
			buildConfigurations = (
				08D216AA2321105A00ABFA77 /* Debug */,
				08D216AB2321105A00ABFA77 /* Release */,
			);
			defaultConfigurationIsVisible = 0;
			defaultConfigurationName = Release;
		};
		08D216AC2321105A00ABFA77 /* Build configuration list for PBXNativeTarget "Unbabel ChallengeTests" */ = {
			isa = XCConfigurationList;
			buildConfigurations = (
				08D216AD2321105A00ABFA77 /* Debug */,
				08D216AE2321105A00ABFA77 /* Release */,
			);
			defaultConfigurationIsVisible = 0;
			defaultConfigurationName = Release;
		};
		08D216AF2321105A00ABFA77 /* Build configuration list for PBXNativeTarget "Unbabel ChallengeUITests" */ = {
			isa = XCConfigurationList;
			buildConfigurations = (
				08D216B02321105A00ABFA77 /* Debug */,
				08D216B12321105A00ABFA77 /* Release */,
			);
			defaultConfigurationIsVisible = 0;
			defaultConfigurationName = Release;
		};
/* End XCConfigurationList section */
	};
	rootObject = 08D216792321105800ABFA77 /* Project object */;
}
